// !$*UTF8*$!
{
	archiveVersion = 1;
	classes = {
	};
	objectVersion = 46;
	objects = {

/* Begin PBXBuildFile section */
		8D5091341D0271CD00C275FE /* main.m in Sources */ = {isa = PBXBuildFile; fileRef = 8D5091331D0271CD00C275FE /* main.m */; };
		8D5091371D0271CD00C275FE /* AppDelegate.m in Sources */ = {isa = PBXBuildFile; fileRef = 8D5091361D0271CD00C275FE /* AppDelegate.m */; };
		8D50913A1D0271CD00C275FE /* ViewController.m in Sources */ = {isa = PBXBuildFile; fileRef = 8D5091391D0271CD00C275FE /* ViewController.m */; };
		8D50913D1D0271CD00C275FE /* Main.storyboard in Resources */ = {isa = PBXBuildFile; fileRef = 8D50913B1D0271CD00C275FE /* Main.storyboard */; };
		8D50913F1D0271CD00C275FE /* Assets.xcassets in Resources */ = {isa = PBXBuildFile; fileRef = 8D50913E1D0271CD00C275FE /* Assets.xcassets */; };
		8D5091421D0271CD00C275FE /* LaunchScreen.storyboard in Resources */ = {isa = PBXBuildFile; fileRef = 8D5091401D0271CD00C275FE /* LaunchScreen.storyboard */; };
/* End PBXBuildFile section */

/* Begin PBXFileReference section */
		8D50912F1D0271CD00C275FE /* AnimationTest.app */ = {isa = PBXFileReference; explicitFileType = wrapper.application; includeInIndex = 0; path = AnimationTest.app; sourceTree = BUILT_PRODUCTS_DIR; };
		8D5091331D0271CD00C275FE /* main.m */ = {isa = PBXFileReference; lastKnownFileType = sourcecode.c.objc; path = main.m; sourceTree = "<group>"; };
		8D5091351D0271CD00C275FE /* AppDelegate.h */ = {isa = PBXFileReference; lastKnownFileType = sourcecode.c.h; path = AppDelegate.h; sourceTree = "<group>"; };
		8D5091361D0271CD00C275FE /* AppDelegate.m */ = {isa = PBXFileReference; lastKnownFileType = sourcecode.c.objc; path = AppDelegate.m; sourceTree = "<group>"; };
		8D5091381D0271CD00C275FE /* ViewController.h */ = {isa = PBXFileReference; lastKnownFileType = sourcecode.c.h; path = ViewController.h; sourceTree = "<group>"; };
		8D5091391D0271CD00C275FE /* ViewController.m */ = {isa = PBXFileReference; lastKnownFileType = sourcecode.c.objc; path = ViewController.m; sourceTree = "<group>"; };
		8D50913C1D0271CD00C275FE /* Base */ = {isa = PBXFileReference; lastKnownFileType = file.storyboard; name = Base; path = Base.lproj/Main.storyboard; sourceTree = "<group>"; };
		8D50913E1D0271CD00C275FE /* Assets.xcassets */ = {isa = PBXFileReference; lastKnownFileType = folder.assetcatalog; path = Assets.xcassets; sourceTree = "<group>"; };
		8D5091411D0271CD00C275FE /* Base */ = {isa = PBXFileReference; lastKnownFileType = file.storyboard; name = Base; path = Base.lproj/LaunchScreen.storyboard; sourceTree = "<group>"; };
		8D5091431D0271CD00C275FE /* Info.plist */ = {isa = PBXFileReference; lastKnownFileType = text.plist.xml; path = Info.plist; sourceTree = "<group>"; };
/* End PBXFileReference section */

/* Begin PBXFrameworksBuildPhase section */
		8D50912C1D0271CD00C275FE /* Frameworks */ = {
			isa = PBXFrameworksBuildPhase;
			buildActionMask = 2147483647;
			files = (
			);
			runOnlyForDeploymentPostprocessing = 0;
		};
/* End PBXFrameworksBuildPhase section */

/* Begin PBXGroup section */
		8D5091261D0271CD00C275FE = {
			isa = PBXGroup;
			children = (
				8D5091311D0271CD00C275FE /* AnimationTest */,
				8D5091301D0271CD00C275FE /* Products */,
			);
			sourceTree = "<group>";
		};
		8D5091301D0271CD00C275FE /* Products */ = {
			isa = PBXGroup;
			children = (
				8D50912F1D0271CD00C275FE /* AnimationTest.app */,
			);
			name = Products;
			sourceTree = "<group>";
		};
		8D5091311D0271CD00C275FE /* AnimationTest */ = {
			isa = PBXGroup;
			children = (
				8D5091351D0271CD00C275FE /* AppDelegate.h */,
				8D5091361D0271CD00C275FE /* AppDelegate.m */,
				8D5091381D0271CD00C275FE /* ViewController.h */,
				8D5091391D0271CD00C275FE /* ViewController.m */,
				8D50913B1D0271CD00C275FE /* Main.storyboard */,
				8D50913E1D0271CD00C275FE /* Assets.xcassets */,
				8D5091401D0271CD00C275FE /* LaunchScreen.storyboard */,
				8D5091431D0271CD00C275FE /* Info.plist */,
				8D5091321D0271CD00C275FE /* Supporting Files */,
			);
			path = AnimationTest;
			sourceTree = "<group>";
		};
		8D5091321D0271CD00C275FE /* Supporting Files */ = {
			isa = PBXGroup;
			children = (
				8D5091331D0271CD00C275FE /* main.m */,
			);
			name = "Supporting Files";
			sourceTree = "<group>";
		};
/* End PBXGroup section */

/* Begin PBXNativeTarget section */
		8D50912E1D0271CD00C275FE /* AnimationTest */ = {
			isa = PBXNativeTarget;
			buildConfigurationList = 8D5091461D0271CD00C275FE /* Build configuration list for PBXNativeTarget "AnimationTest" */;
			buildPhases = (
				8D50912B1D0271CD00C275FE /* Sources */,
				8D50912C1D0271CD00C275FE /* Frameworks */,
				8D50912D1D0271CD00C275FE /* Resources */,
			);
			buildRules = (
			);
			dependencies = (
			);
			name = AnimationTest;
			productName = AnimationTest;
			productReference = 8D50912F1D0271CD00C275FE /* AnimationTest.app */;
			productType = "com.apple.product-type.application";
		};
/* End PBXNativeTarget section */

/* Begin PBXProject section */
		8D5091271D0271CD00C275FE /* Project object */ = {
			isa = PBXProject;
			attributes = {
				LastUpgradeCheck = 0730;
				ORGANIZATIONNAME = sky;
				TargetAttributes = {
					8D50912E1D0271CD00C275FE = {
						CreatedOnToolsVersion = 7.3;
					};
				};
			};
			buildConfigurationList = 8D50912A1D0271CD00C275FE /* Build configuration list for PBXProject "AnimationTest" */;
			compatibilityVersion = "Xcode 3.2";
			developmentRegion = English;
			hasScannedForEncodings = 0;
			knownRegions = (
				en,
				Base,
			);
			mainGroup = 8D5091261D0271CD00C275FE;
			productRefGroup = 8D5091301D0271CD00C275FE /* Products */;
			projectDirPath = "";
			projectRoot = "";
			targets = (
				8D50912E1D0271CD00C275FE /* AnimationTest */,
			);
		};
/* End PBXProject section */

/* Begin PBXResourcesBuildPhase section */
		8D50912D1D0271CD00C275FE /* Resources */ = {
			isa = PBXResourcesBuildPhase;
			buildActionMask = 2147483647;
			files = (
				8D5091421D0271CD00C275FE /* LaunchScreen.storyboard in Resources */,
				8D50913F1D0271CD00C275FE /* Assets.xcassets in Resources */,
				8D50913D1D0271CD00C275FE /* Main.storyboard in Resources */,
			);
			runOnlyForDeploymentPostprocessing = 0;
		};
/* End PBXResourcesBuildPhase section */

/* Begin PBXSourcesBuildPhase section */
		8D50912B1D0271CD00C275FE /* Sources */ = {
			isa = PBXSourcesBuildPhase;
			buildActionMask = 2147483647;
			files = (
				8D50913A1D0271CD00C275FE /* ViewController.m in Sources */,
				8D5091371D0271CD00C275FE /* AppDelegate.m in Sources */,
				8D5091341D0271CD00C275FE /* main.m in Sources */,
			);
			runOnlyForDeploymentPostprocessing = 0;
		};
/* End PBXSourcesBuildPhase section */

/* Begin PBXVariantGroup section */
		8D50913B1D0271CD00C275FE /* Main.storyboard */ = {
			isa = PBXVariantGroup;
			children = (
				8D50913C1D0271CD00C275FE /* Base */,
			);
			name = Main.storyboard;
			sourceTree = "<group>";
		};
		8D5091401D0271CD00C275FE /* LaunchScreen.storyboard */ = {
			isa = PBXVariantGroup;
			children = (
				8D5091411D0271CD00C275FE /* Base */,
			);
			name = LaunchScreen.storyboard;
			sourceTree = "<group>";
		};
/* End PBXVariantGroup section */

/* Begin XCBuildConfiguration section */
		8D5091441D0271CD00C275FE /* Debug */ = {
			isa = XCBuildConfiguration;
			buildSettings = {
				ALWAYS_SEARCH_USER_PATHS = NO;
				CLANG_ANALYZER_NONNULL = YES;
				CLANG_CXX_LANGUAGE_STANDARD = "gnu++0x";
				CLANG_CXX_LIBRARY = "libc++";
				CLANG_ENABLE_MODULES = YES;
				CLANG_ENABLE_OBJC_ARC = YES;
				CLANG_WARN_BOOL_CONVERSION = YES;
				CLANG_WARN_CONSTANT_CONVERSION = YES;
				CLANG_WARN_DIRECT_OBJC_ISA_USAGE = YES_ERROR;
				CLANG_WARN_EMPTY_BODY = YES;
				CLANG_WARN_ENUM_CONVERSION = YES;
				CLANG_WARN_INT_CONVERSION = YES;
				CLANG_WARN_OBJC_ROOT_CLASS = YES_ERROR;
				CLANG_WARN_UNREACHABLE_CODE = YES;
				CLANG_WARN__DUPLICATE_METHOD_MATCH = YES;
				"CODE_SIGN_IDENTITY[sdk=iphoneos*]" = "iPhone Developer";
				COPY_PHASE_STRIP = NO;
				DEBUG_INFORMATION_FORMAT = dwarf;
				ENABLE_STRICT_OBJC_MSGSEND = YES;
				ENABLE_TESTABILITY = YES;
				GCC_C_LANGUAGE_STANDARD = gnu99;
				GCC_DYNAMIC_NO_PIC = NO;
				GCC_NO_COMMON_BLOCKS = YES;
				GCC_OPTIMIZATION_LEVEL = 0;
				GCC_PREPROCESSOR_DEFINITIONS = (
					"DEBUG=1",
					"$(inherited)",
				);
				GCC_WARN_64_TO_32_BIT_CONVERSION = YES;
				GCC_WARN_ABOUT_RETURN_TYPE = YES_ERROR;
				GCC_WARN_UNDECLARED_SELECTOR = YES;
				GCC_WARN_UNINITIALIZED_AUTOS = YES_AGGRESSIVE;
				GCC_WARN_UNUSED_FUNCTION = YES;
				GCC_WARN_UNUSED_VARIABLE = YES;
				IPHONEOS_DEPLOYMENT_TARGET = 9.3;
				MTL_ENABLE_DEBUG_INFO = YES;
				ONLY_ACTIVE_ARCH = YES;
				SDKROOT = iphoneos;
			};
			name = Debug;
		};
		8D5091451D0271CD00C275FE /* Release */ = {
			isa = XCBuildConfiguration;
			buildSettings = {
				ALWAYS_SEARCH_USER_PATHS = NO;
				CLANG_ANALYZER_NONNULL = YES;
				CLANG_CXX_LANGUAGE_STANDARD = "gnu++0x";
				CLANG_CXX_LIBRARY = "libc++";
				CLANG_ENABLE_MODULES = YES;
				CLANG_ENABLE_OBJC_ARC = YES;
				CLANG_WARN_BOOL_CONVERSION = YES;
				CLANG_WARN_CONSTANT_CONVERSION = YES;
				CLANG_WARN_DIRECT_OBJC_ISA_USAGE = YES_ERROR;
				CLANG_WARN_EMPTY_BODY = YES;
				CLANG_WARN_ENUM_CONVERSION = YES;
				CLANG_WARN_INT_CONVERSION = YES;
				CLANG_WARN_OBJC_ROOT_CLASS = YES_ERROR;
				CLANG_WARN_UNREACHABLE_CODE = YES;
				CLANG_WARN__DUPLICATE_METHOD_MATCH = YES;
				"CODE_SIGN_IDENTITY[sdk=iphoneos*]" = "iPhone Developer";
				COPY_PHASE_STRIP = NO;
				DEBUG_INFORMATION_FORMAT = "dwarf-with-dsym";
				ENABLE_NS_ASSERTIONS = NO;
				ENABLE_STRICT_OBJC_MSGSEND = YES;
				GCC_C_LANGUAGE_STANDARD = gnu99;
				GCC_NO_COMMON_BLOCKS = YES;
				GCC_WARN_64_TO_32_BIT_CONVERSION = YES;
				GCC_WARN_ABOUT_RETURN_TYPE = YES_ERROR;
				GCC_WARN_UNDECLARED_SELECTOR = YES;
				GCC_WARN_UNINITIALIZED_AUTOS = YES_AGGRESSIVE;
				GCC_WARN_UNUSED_FUNCTION = YES;
				GCC_WARN_UNUSED_VARIABLE = YES;
				IPHONEOS_DEPLOYMENT_TARGET = 9.3;
				MTL_ENABLE_DEBUG_INFO = NO;
				SDKROOT = iphoneos;
				VALIDATE_PRODUCT = YES;
			};
			name = Release;
		};
		8D5091471D0271CD00C275FE /* Debug */ = {
			isa = XCBuildConfiguration;
			buildSettings = {
				ASSETCATALOG_COMPILER_APPICON_NAME = AppIcon;
				INFOPLIST_FILE = AnimationTest/Info.plist;
				LD_RUNPATH_SEARCH_PATHS = "$(inherited) @executable_path/Frameworks";
				PRODUCT_BUNDLE_IDENTIFIER = sky.AnimationTest;
				PRODUCT_NAME = "$(TARGET_NAME)";
			};
			name = Debug;
		};
		8D5091481D0271CD00C275FE /* Release */ = {
			isa = XCBuildConfiguration;
			buildSettings = {
				ASSETCATALOG_COMPILER_APPICON_NAME = AppIcon;
				INFOPLIST_FILE = AnimationTest/Info.plist;
				LD_RUNPATH_SEARCH_PATHS = "$(inherited) @executable_path/Frameworks";
				PRODUCT_BUNDLE_IDENTIFIER = sky.AnimationTest;
				PRODUCT_NAME = "$(TARGET_NAME)";
			};
			name = Release;
		};
/* End XCBuildConfiguration section */

/* Begin XCConfigurationList section */
		8D50912A1D0271CD00C275FE /* Build configuration list for PBXProject "AnimationTest" */ = {
			isa = XCConfigurationList;
			buildConfigurations = (
				8D5091441D0271CD00C275FE /* Debug */,
				8D5091451D0271CD00C275FE /* Release */,
			);
			defaultConfigurationIsVisible = 0;
			defaultConfigurationName = Release;
		};
		8D5091461D0271CD00C275FE /* Build configuration list for PBXNativeTarget "AnimationTest" */ = {
			isa = XCConfigurationList;
			buildConfigurations = (
				8D5091471D0271CD00C275FE /* Debug */,
				8D5091481D0271CD00C275FE /* Release */,
			);
			defaultConfigurationIsVisible = 0;
		};
/* End XCConfigurationList section */
	};
	rootObject = 8D5091271D0271CD00C275FE /* Project object */;
}
